// !$*UTF8*$!
{
	archiveVersion = 1;
	classes = {
	};
	objectVersion = 46;
	objects = {

/* Begin PBXFileReference section */
		B810D2E815093CC90077296D /* sandbox.py */ = {isa = PBXFileReference; fileEncoding = 4; lastKnownFileType = text.script.python; path = sandbox.py; sourceTree = "<group>"; };
		B822265814C7972600BEB2FF /* vcal_py.pth */ = {isa = PBXFileReference; fileEncoding = 4; lastKnownFileType = text; path = vcal_py.pth; sourceTree = "<group>"; };
		B88584B11423C41B003DC67F /* vcal_py_options_example.dat */ = {isa = PBXFileReference; fileEncoding = 4; lastKnownFileType = text; path = vcal_py_options_example.dat; sourceTree = "<group>"; };
		B8948A121385A5A3008946E8 /* Converter.py */ = {isa = PBXFileReference; fileEncoding = 4; lastKnownFileType = text.script.python; path = Converter.py; sourceTree = "<group>"; };
		B8948A181385A5A4008946E8 /* MyVector.py */ = {isa = PBXFileReference; fileEncoding = 4; lastKnownFileType = text.script.python; path = MyVector.py; sourceTree = "<group>"; };
		B8948A1A1385A5A4008946E8 /* VC.py */ = {isa = PBXFileReference; fileEncoding = 4; lastKnownFileType = text.script.python; path = VC.py; sourceTree = "<group>"; };
		B8948A1D1385A6FF008946E8 /* vcal_py.py */ = {isa = PBXFileReference; fileEncoding = 4; lastKnownFileType = text.script.python; path = vcal_py.py; sourceTree = "<group>"; };
		B8A9FA25172883A1004122D6 /* eli_demo.py */ = {isa = PBXFileReference; fileEncoding = 4; lastKnownFileType = text.script.python; path = eli_demo.py; sourceTree = "<group>"; };
		B8AFFDD816CEC5A5008E4D03 /* Utils.py */ = {isa = PBXFileReference; fileEncoding = 4; lastKnownFileType = text.script.python; path = Utils.py; sourceTree = "<group>"; };
		B8B11F9914BFA11A00147EDC /* vcal_py_trace_file_example.dat */ = {isa = PBXFileReference; fileEncoding = 4; lastKnownFileType = text; path = vcal_py_trace_file_example.dat; sourceTree = "<group>"; };
		B8C9FF4E1579372200AA3864 /* Chaos.py */ = {isa = PBXFileReference; fileEncoding = 4; lastKnownFileType = text.script.python; path = Chaos.py; sourceTree = "<group>"; };
		B8D0978B178B43390006310A /* siso_test.py */ = {isa = PBXFileReference; fileEncoding = 4; lastKnownFileType = text.script.python; path = siso_test.py; sourceTree = "<group>"; };
/* End PBXFileReference section */

/* Begin PBXGroup section */
		B8948A021385A580008946E8 = {
			isa = PBXGroup;
			children = (
				B8D0978B178B43390006310A /* siso_test.py */,
				B8A9FA25172883A1004122D6 /* eli_demo.py */,
				B810D2E815093CC90077296D /* sandbox.py */,
				B88584B11423C41B003DC67F /* vcal_py_options_example.dat */,
				B8B11F9914BFA11A00147EDC /* vcal_py_trace_file_example.dat */,
				B8948A1D1385A6FF008946E8 /* vcal_py.py */,
				B822265814C7972600BEB2FF /* vcal_py.pth */,
				B8948A0F1385A5A3008946E8 /* classes */,
			);
			sourceTree = "<group>";
		};
		B8948A0F1385A5A3008946E8 /* classes */ = {
			isa = PBXGroup;
			children = (
				B8948A121385A5A3008946E8 /* Converter.py */,
				B8948A181385A5A4008946E8 /* MyVector.py */,
				B8948A1A1385A5A4008946E8 /* VC.py */,
				B8C9FF4E1579372200AA3864 /* Chaos.py */,
				B8AFFDD816CEC5A5008E4D03 /* Utils.py */,
			);
			path = classes;
			sourceTree = "<group>";
		};
/* End PBXGroup section */

/* Begin PBXLegacyTarget section */
		B8A0125013E8766000E2B0E7 /* vcal_py */ = {
			isa = PBXLegacyTarget;
			buildArgumentsString = "$(ACTION)";
			buildConfigurationList = B8A0125113E8766100E2B0E7 /* Build configuration list for PBXLegacyTarget "vcal_py" */;
			buildPhases = (
			);
			buildToolPath = /opt/local/bin/python;
			dependencies = (
			);
			name = vcal_py;
			passBuildSettingsInEnvironment = 1;
			productName = vcal_py;
		};
/* End PBXLegacyTarget section */

/* Begin PBXProject section */
		B8948A041385A580008946E8 /* Project object */ = {
			isa = PBXProject;
			attributes = {
				LastUpgradeCheck = 0410;
			};
			buildConfigurationList = B8948A071385A580008946E8 /* Build configuration list for PBXProject "vcal_py" */;
			compatibilityVersion = "Xcode 3.2";
			developmentRegion = English;
			hasScannedForEncodings = 0;
			knownRegions = (
				English,
				Japanese,
				French,
				German,
			);
			mainGroup = B8948A021385A580008946E8;
			projectDirPath = "";
			projectRoot = "";
			targets = (
				B8A0125013E8766000E2B0E7 /* vcal_py */,
			);
		};
/* End PBXProject section */

/* Begin XCBuildConfiguration section */
		B8948A051385A580008946E8 /* Debug */ = {
			isa = XCBuildConfiguration;
			buildSettings = {
				COPY_PHASE_STRIP = NO;
			};
			name = Debug;
		};
		B8948A061385A580008946E8 /* Release */ = {
			isa = XCBuildConfiguration;
			buildSettings = {
				COPY_PHASE_STRIP = YES;
			};
			name = Release;
		};
		B8A0125213E8766100E2B0E7 /* Debug */ = {
			isa = XCBuildConfiguration;
			buildSettings = {
				ALWAYS_SEARCH_USER_PATHS = NO;
				ARCHS = "$(ARCHS_STANDARD_64_BIT)";
				DEBUGGING_SYMBOLS = YES;
				GCC_C_LANGUAGE_STANDARD = gnu99;
				GCC_DYNAMIC_NO_PIC = NO;
				GCC_ENABLE_OBJC_EXCEPTIONS = YES;
				GCC_GENERATE_DEBUGGING_SYMBOLS = YES;
				GCC_OPTIMIZATION_LEVEL = 0;
				GCC_PREPROCESSOR_DEFINITIONS = (
					"DEBUG=1",
					"$(inherited)",
				);
				GCC_SYMBOLS_PRIVATE_EXTERN = NO;
				GCC_VERSION = com.apple.compilers.llvm.clang.1_0;
				GCC_WARN_64_TO_32_BIT_CONVERSION = YES;
				GCC_WARN_ABOUT_MISSING_PROTOTYPES = YES;
				GCC_WARN_ABOUT_RETURN_TYPE = YES;
				GCC_WARN_UNUSED_VARIABLE = YES;
				MACOSX_DEPLOYMENT_TARGET = 10.7;
				ONLY_ACTIVE_ARCH = YES;
				OTHER_CFLAGS = "";
				OTHER_LDFLAGS = "";
				PRODUCT_NAME = "$(TARGET_NAME)";
				SDKROOT = macosx;
			};
			name = Debug;
		};
		B8A0125313E8766100E2B0E7 /* Release */ = {
			isa = XCBuildConfiguration;
			buildSettings = {
				ALWAYS_SEARCH_USER_PATHS = NO;
				ARCHS = "$(ARCHS_STANDARD_64_BIT)";
				DEBUG_INFORMATION_FORMAT = "dwarf-with-dsym";
				GCC_C_LANGUAGE_STANDARD = gnu99;
				GCC_ENABLE_OBJC_EXCEPTIONS = YES;
				GCC_VERSION = com.apple.compilers.llvm.clang.1_0;
				GCC_WARN_64_TO_32_BIT_CONVERSION = YES;
				GCC_WARN_ABOUT_MISSING_PROTOTYPES = YES;
				GCC_WARN_ABOUT_RETURN_TYPE = YES;
				GCC_WARN_UNUSED_VARIABLE = YES;
				MACOSX_DEPLOYMENT_TARGET = 10.7;
				OTHER_CFLAGS = "";
				OTHER_LDFLAGS = "";
				PRODUCT_NAME = "$(TARGET_NAME)";
				SDKROOT = macosx;
			};
			name = Release;
		};
/* End XCBuildConfiguration section */

/* Begin XCConfigurationList section */
		B8948A071385A580008946E8 /* Build configuration list for PBXProject "vcal_py" */ = {
			isa = XCConfigurationList;
			buildConfigurations = (
				B8948A051385A580008946E8 /* Debug */,
				B8948A061385A580008946E8 /* Release */,
			);
			defaultConfigurationIsVisible = 0;
			defaultConfigurationName = Release;
		};
		B8A0125113E8766100E2B0E7 /* Build configuration list for PBXLegacyTarget "vcal_py" */ = {
			isa = XCConfigurationList;
			buildConfigurations = (
				B8A0125213E8766100E2B0E7 /* Debug */,
				B8A0125313E8766100E2B0E7 /* Release */,
			);
			defaultConfigurationIsVisible = 0;
			defaultConfigurationName = Release;
		};
/* End XCConfigurationList section */
	};
	rootObject = B8948A041385A580008946E8 /* Project object */;
}
